
Microsoft Visual Studio Solution File, Format Version 12.00
# Visual Studio Version 17
VisualStudioVersion = 17.6.33723.286
MinimumVisualStudioVersion = 10.0.40219.1
Project("{FAE04EC0-301F-11D3-BF4B-00C04F79EFBC}") = "AOC", "AOC\AOC.csproj", "{25CA29B9-6DDE-4246-95C2-1DFC3A7002AB}"
EndProject
Global
	GlobalSection(SolutionConfigurationPlatforms) = preSolution
		Debug|Any CPU = Debug|Any CPU
		Release|Any CPU = Release|Any CPU
	EndGlobalSection
	GlobalSection(ProjectConfigurationPlatforms) = postSolution
		{25CA29B9-6DDE-4246-95C2-1DFC3A7002AB}.Debug|Any CPU.ActiveCfg = Debug|Any CPU
		{25CA29B9-6DDE-4246-95C2-1DFC3A7002AB}.Debug|Any CPU.Build.0 = Debug|Any CPU
		{25CA29B9-6DDE-4246-95C2-1DFC3A7002AB}.Release|Any CPU.ActiveCfg = Release|Any CPU
		{25CA29B9-6DDE-4246-95C2-1DFC3A7002AB}.Release|Any CPU.Build.0 = Release|Any CPU
	EndGlobalSection
	GlobalSection(SolutionProperties) = preSolution
		HideSolutionNode = FALSE
	EndGlobalSection
	GlobalSection(ExtensibilityGlobals) = postSolution
		SolutionGuid = {0D54B4A4-E668-4764-9B4B-51328DC32197}
	EndGlobalSection
EndGlobal
